<?xml version="1.0" encoding="utf-8"?>
<Project ToolsVersion="4.0" xmlns="http://schemas.microsoft.com/developer/msbuild/2003">
  <ItemGroup>
    <Filter Include="Source Files">
      <UniqueIdentifier>{4FC737F1-C7A5-4376-A066-2A32D752A2FF}</UniqueIdentifier>
      <Extensions>cpp;c;cc;cxx;c++;cppm;ixx;def;odl;idl;hpj;bat;asm;asmx</Extensions>
    </Filter>
    <Filter Include="Header Files">
      <UniqueIdentifier>{93995380-89BD-4b04-88EB-625FBE52EBFB}</UniqueIdentifier>
      <Extensions>h;hh;hpp;hxx;h++;hm;inl;inc;ipp;xsd</Extensions>
    </Filter>
    <Filter Include="Resource Files">
      <UniqueIdentifier>{67DA6AB6-F800-4c08-8B7A-83BB121AAD01}</UniqueIdentifier>
      <Extensions>rc;ico;cur;bmp;dlg;rc2;rct;bin;rgs;gif;jpg;jpeg;jpe;resx;tiff;tif;png;wav;mfcribbon-ms</Extensions>
    </Filter>
    <Filter Include="glad">
      <UniqueIdentifier>{c3791b4c-2768-42d5-ad25-692c4ac53486}</UniqueIdentifier>
    </Filter>
    <Filter Include="Component">
      <UniqueIdentifier>{7ad2d2f2-ccfc-4e4c-98d4-a70ed9d5847e}</UniqueIdentifier>
      <Extensions>*Component*</Extensions>
    </Filter>
    <Filter Include="Object">
      <UniqueIdentifier>{20d7ec3b-09af-4067-a31e-a594b7a5b1fc}</UniqueIdentifier>
    </Filter>
    <Filter Include="Source Files\Sample">
      <UniqueIdentifier>{d5450d6c-519d-40cc-92ef-4ced359f7e85}</UniqueIdentifier>
    </Filter>
    <Filter Include="Resource">
      <UniqueIdentifier>{73b7161d-e65d-43e1-abc8-e29dbe50f8e1}</UniqueIdentifier>
    </Filter>
    <Filter Include="Resource\Shaders">
      <UniqueIdentifier>{3e7ad8a9-1354-4e42-bbba-9846d1bee1e9}</UniqueIdentifier>
    </Filter>
  </ItemGroup>
  <ItemGroup>
    <ClCompile Include="Resources\Shaders.cpp">
      <Filter>Resource\Shaders</Filter>
    </ClCompile>
    <ClCompile Include="Objects\GameObject.cpp">
      <Filter>Object</Filter>
    </ClCompile>
    <ClCompile Include="SampleResources\SampleResource.cpp">
      <Filter>Source Files</Filter>
    </ClCompile>
    <ClCompile Include="Components\RenderComponent.cpp">
      <Filter>Component</Filter>
    </ClCompile>
    <ClCompile Include="Sources\main.cpp">
      <Filter>Source Files</Filter>
    </ClCompile>
    <ClCompile Include="Sources\GameEngine.cpp">
      <Filter>Source Files</Filter>
    </ClCompile>
    <ClCompile Include="Custom\TestGameObject.cpp">
      <Filter>Source Files\Sample</Filter>
    </ClCompile>
    <ClCompile Include="glad\src\glad.c">
      <Filter>glad</Filter>
    </ClCompile>
    <ClCompile Include="Resources\Resource.cpp">
      <Filter>Resource</Filter>
    </ClCompile>
    <ClCompile Include="Resources\FileResource.cpp">
      <Filter>Resource</Filter>
    </ClCompile>
  </ItemGroup>
  <ItemGroup>
    <ClInclude Include="Components\BaseComponent.hpp">
      <Filter>Component</Filter>
    </ClInclude>
    <ClInclude Include="Components\Components.hpp">
      <Filter>Component</Filter>
    </ClInclude>
    <ClInclude Include="Components\RenderComponent.hpp">
      <Filter>Component</Filter>
    </ClInclude>
    <ClInclude Include="Resources\Shaders.hpp">
      <Filter>Resource\Shaders</Filter>
    </ClInclude>
    <ClInclude Include="Objects\GLObject.hpp">
      <Filter>Object</Filter>
    </ClInclude>
    <ClInclude Include="Objects\GameObject.h">
      <Filter>Object</Filter>
    </ClInclude>
    <ClInclude Include="Sources\GameEngine.hpp">
      <Filter>Source Files</Filter>
    </ClInclude>
    <ClInclude Include="SampleResources\SampleResource.hpp">
      <Filter>Header Files</Filter>
    </ClInclude>
    <ClInclude Include="Custom\TestGameObject.hpp">
      <Filter>Source Files\Sample</Filter>
    </ClInclude>
    <ClInclude Include="Resources\Resource.hpp">
      <Filter>Resource</Filter>
    </ClInclude>
    <ClInclude Include="Resources\FileResource.hpp">
      <Filter>Resource</Filter>
    </ClInclude>
  </ItemGroup>
  <ItemGroup>
    <None Include="SampleResources\vert.vert">
      <Filter>Resource Files</Filter>
    </None>
    <None Include="SampleResources\frag.frag">
      <Filter>Resource Files</Filter>
    </None>
  </ItemGroup>
</Project>